
Microsoft Visual Studio Solution File, Format Version 12.00
# Visual Studio Version 17
VisualStudioVersion = 17.5.33516.290
MinimumVisualStudioVersion = 10.0.40219.1
Project("{8BC9CEB8-8B4A-11D0-8D11-00A0C91BC942}") = "Battery_Simulator", "Battery_Simulator\Battery_Simulator.vcxproj", "{7342DEEF-AB3F-00D5-9EDB-2829CD277B76}"
EndProject
Project("{8BC9CEB8-8B4A-11D0-8D11-00A0C91BC942}") = "tx", "tx\tx.vcxproj", "{51907112-62DA-98D6-7897-5A2FD48B99C3}"
EndProject
Global
	GlobalSection(SolutionConfigurationPlatforms) = preSolution
		Debug|x86 = Debug|x86
		Release|x86 = Release|x86
		Template|x86 = Template|x86
	EndGlobalSection
	GlobalSection(ProjectConfigurationPlatforms) = postSolution
		{7342DEEF-AB3F-00D5-9EDB-2829CD277B76}.Debug|x86.ActiveCfg = Debug|Win32
		{7342DEEF-AB3F-00D5-9EDB-2829CD277B76}.Debug|x86.Build.0 = Debug|Win32
		{7342DEEF-AB3F-00D5-9EDB-2829CD277B76}.Release|x86.ActiveCfg = Release|Win32
		{7342DEEF-AB3F-00D5-9EDB-2829CD277B76}.Release|x86.Build.0 = Release|Win32
		{7342DEEF-AB3F-00D5-9EDB-2829CD277B76}.Template|x86.ActiveCfg = Release|Win32
		{7342DEEF-AB3F-00D5-9EDB-2829CD277B76}.Template|x86.Build.0 = Release|Win32
		{51907112-62DA-98D6-7897-5A2FD48B99C3}.Debug|x86.ActiveCfg = Debug|Win32
		{51907112-62DA-98D6-7897-5A2FD48B99C3}.Debug|x86.Build.0 = Debug|Win32
		{51907112-62DA-98D6-7897-5A2FD48B99C3}.Release|x86.ActiveCfg = Release|Win32
		{51907112-62DA-98D6-7897-5A2FD48B99C3}.Release|x86.Build.0 = Release|Win32
		{51907112-62DA-98D6-7897-5A2FD48B99C3}.Template|x86.ActiveCfg = Template|Win32
		{51907112-62DA-98D6-7897-5A2FD48B99C3}.Template|x86.Build.0 = Template|Win32
	EndGlobalSection
	GlobalSection(SolutionProperties) = preSolution
		HideSolutionNode = FALSE
	EndGlobalSection
	GlobalSection(ExtensibilityGlobals) = postSolution
		SolutionGuid = {FE14F2FC-4796-4BFE-9138-871D8EA1DCEF}
	EndGlobalSection
EndGlobal
